
Microsoft Visual Studio Solution File, Format Version 12.00
# Visual Studio Version 16
VisualStudioVersion = 16.0.31613.86
MinimumVisualStudioVersion = 10.0.40219.1
Project("{9A19103F-16F7-4668-BE54-9A1E7A4F7556}") = "eShopSolution.WebApp", "eShopSolution\eShopSolution.WebApp.csproj", "{42C7CEED-2C1B-4907-9483-3FC035B864DA}"
EndProject
Project("{9A19103F-16F7-4668-BE54-9A1E7A4F7556}") = "eShopSolution.Data", "eShopSolution.Data\eShopSolution.Data.csproj", "{B31551AB-8E84-4F69-AAC7-6C1FC23C821D}"
EndProject
Project("{9A19103F-16F7-4668-BE54-9A1E7A4F7556}") = "eShopSolution.App", "eShopSolution.App\eShopSolution.App.csproj", "{4F38B299-8FD0-493D-9703-99E610A426F6}"
EndProject
Project("{9A19103F-16F7-4668-BE54-9A1E7A4F7556}") = "eShopSolution.Utilities", "eShopSolution.Utilities\eShopSolution.Utilities.csproj", "{B729DFD7-BB7A-4DA0-A765-9FA5C432B1A2}"
EndProject
Project("{9A19103F-16F7-4668-BE54-9A1E7A4F7556}") = "eShopSolution.ViewModels", "eShopSolution.ViewModels\eShopSolution.ViewModels.csproj", "{94288C66-C0F9-41B2-8261-BCCA13828A1D}"
EndProject
Project("{9A19103F-16F7-4668-BE54-9A1E7A4F7556}") = "eShopSolution.BackendApi", "eShopSolution.BackendApi\eShopSolution.BackendApi.csproj", "{B92AD4C9-5437-435B-9BC2-542038EF8273}"
EndProject
Project("{2150E333-8FDC-42A3-9474-1A3956D46DE8}") = "1.Infrastructure", "1.Infrastructure", "{E10415BA-DC90-4C8A-A37C-E4B8623C0CB1}"
EndProject
Project("{2150E333-8FDC-42A3-9474-1A3956D46DE8}") = "2.Domain", "2.Domain", "{74DF52C4-F6A5-45B5-B08A-BF24338E6605}"
EndProject
Project("{2150E333-8FDC-42A3-9474-1A3956D46DE8}") = "3.Hosts", "3.Hosts", "{CD0A00A9-D454-48AC-B15D-8F8A7DDA64CF}"
EndProject
Project("{2150E333-8FDC-42A3-9474-1A3956D46DE8}") = "0.Solution Items", "0.Solution Items", "{AC977C50-0259-46C5-B033-8CAC5BE75E8F}"
EndProject
Project("{9A19103F-16F7-4668-BE54-9A1E7A4F7556}") = "eShopSolution.AdminApp", "eShopSolution.AdminApp\eShopSolution.AdminApp.csproj", "{7D5F5FCD-72C2-4024-8E83-BCB0F9272E5D}"
EndProject
Global
	GlobalSection(SolutionConfigurationPlatforms) = preSolution
		Debug|Any CPU = Debug|Any CPU
		Release|Any CPU = Release|Any CPU
	EndGlobalSection
	GlobalSection(ProjectConfigurationPlatforms) = postSolution
		{42C7CEED-2C1B-4907-9483-3FC035B864DA}.Debug|Any CPU.ActiveCfg = Debug|Any CPU
		{42C7CEED-2C1B-4907-9483-3FC035B864DA}.Debug|Any CPU.Build.0 = Debug|Any CPU
		{42C7CEED-2C1B-4907-9483-3FC035B864DA}.Release|Any CPU.ActiveCfg = Release|Any CPU
		{42C7CEED-2C1B-4907-9483-3FC035B864DA}.Release|Any CPU.Build.0 = Release|Any CPU
		{B31551AB-8E84-4F69-AAC7-6C1FC23C821D}.Debug|Any CPU.ActiveCfg = Debug|Any CPU
		{B31551AB-8E84-4F69-AAC7-6C1FC23C821D}.Debug|Any CPU.Build.0 = Debug|Any CPU
		{B31551AB-8E84-4F69-AAC7-6C1FC23C821D}.Release|Any CPU.ActiveCfg = Release|Any CPU
		{B31551AB-8E84-4F69-AAC7-6C1FC23C821D}.Release|Any CPU.Build.0 = Release|Any CPU
		{4F38B299-8FD0-493D-9703-99E610A426F6}.Debug|Any CPU.ActiveCfg = Debug|Any CPU
		{4F38B299-8FD0-493D-9703-99E610A426F6}.Debug|Any CPU.Build.0 = Debug|Any CPU
		{4F38B299-8FD0-493D-9703-99E610A426F6}.Release|Any CPU.ActiveCfg = Release|Any CPU
		{4F38B299-8FD0-493D-9703-99E610A426F6}.Release|Any CPU.Build.0 = Release|Any CPU
		{B729DFD7-BB7A-4DA0-A765-9FA5C432B1A2}.Debug|Any CPU.ActiveCfg = Debug|Any CPU
		{B729DFD7-BB7A-4DA0-A765-9FA5C432B1A2}.Debug|Any CPU.Build.0 = Debug|Any CPU
		{B729DFD7-BB7A-4DA0-A765-9FA5C432B1A2}.Release|Any CPU.ActiveCfg = Release|Any CPU
		{B729DFD7-BB7A-4DA0-A765-9FA5C432B1A2}.Release|Any CPU.Build.0 = Release|Any CPU
		{94288C66-C0F9-41B2-8261-BCCA13828A1D}.Debug|Any CPU.ActiveCfg = Debug|Any CPU
		{94288C66-C0F9-41B2-8261-BCCA13828A1D}.Debug|Any CPU.Build.0 = Debug|Any CPU
		{94288C66-C0F9-41B2-8261-BCCA13828A1D}.Release|Any CPU.ActiveCfg = Release|Any CPU
		{94288C66-C0F9-41B2-8261-BCCA13828A1D}.Release|Any CPU.Build.0 = Release|Any CPU
		{B92AD4C9-5437-435B-9BC2-542038EF8273}.Debug|Any CPU.ActiveCfg = Debug|Any CPU
		{B92AD4C9-5437-435B-9BC2-542038EF8273}.Debug|Any CPU.Build.0 = Debug|Any CPU
		{B92AD4C9-5437-435B-9BC2-542038EF8273}.Release|Any CPU.ActiveCfg = Release|Any CPU
		{B92AD4C9-5437-435B-9BC2-542038EF8273}.Release|Any CPU.Build.0 = Release|Any CPU
		{7D5F5FCD-72C2-4024-8E83-BCB0F9272E5D}.Debug|Any CPU.ActiveCfg = Debug|Any CPU
		{7D5F5FCD-72C2-4024-8E83-BCB0F9272E5D}.Debug|Any CPU.Build.0 = Debug|Any CPU
		{7D5F5FCD-72C2-4024-8E83-BCB0F9272E5D}.Release|Any CPU.ActiveCfg = Release|Any CPU
		{7D5F5FCD-72C2-4024-8E83-BCB0F9272E5D}.Release|Any CPU.Build.0 = Release|Any CPU
	EndGlobalSection
	GlobalSection(SolutionProperties) = preSolution
		HideSolutionNode = FALSE
	EndGlobalSection
	GlobalSection(NestedProjects) = preSolution
		{42C7CEED-2C1B-4907-9483-3FC035B864DA} = {CD0A00A9-D454-48AC-B15D-8F8A7DDA64CF}
		{B31551AB-8E84-4F69-AAC7-6C1FC23C821D} = {74DF52C4-F6A5-45B5-B08A-BF24338E6605}
		{4F38B299-8FD0-493D-9703-99E610A426F6} = {74DF52C4-F6A5-45B5-B08A-BF24338E6605}
		{B729DFD7-BB7A-4DA0-A765-9FA5C432B1A2} = {E10415BA-DC90-4C8A-A37C-E4B8623C0CB1}
		{94288C66-C0F9-41B2-8261-BCCA13828A1D} = {E10415BA-DC90-4C8A-A37C-E4B8623C0CB1}
		{B92AD4C9-5437-435B-9BC2-542038EF8273} = {CD0A00A9-D454-48AC-B15D-8F8A7DDA64CF}
		{7D5F5FCD-72C2-4024-8E83-BCB0F9272E5D} = {CD0A00A9-D454-48AC-B15D-8F8A7DDA64CF}
	EndGlobalSection
	GlobalSection(ExtensibilityGlobals) = postSolution
		SolutionGuid = {77E52A8C-D102-4027-81AD-2DC9861EBEAE}
	EndGlobalSection
EndGlobal
